
Microsoft Visual Studio Solution File, Format Version 12.00
# Visual Studio Version 16
VisualStudioVersion = 16.0.30804.86
MinimumVisualStudioVersion = 10.0.40219.1
Project("{FAE04EC0-301F-11D3-BF4B-00C04F79EFBC}") = "RadiusR.API.CustomerWebService", "RadiusR.API.CustomerWebService\RadiusR.API.CustomerWebService.csproj", "{50EE8943-7FBF-4D2A-AC59-2139B0AD4A21}"
EndProject
Project("{FAE04EC0-301F-11D3-BF4B-00C04F79EFBC}") = "RadiusR.API.TelekomInfrastructureService", "RadiusR.API.TelekomInfrastructureService\RadiusR.API.TelekomInfrastructureService.csproj", "{592C6B07-BB8B-4D3C-B9E5-8808D1E59CC6}"
EndProject
Project("{FAE04EC0-301F-11D3-BF4B-00C04F79EFBC}") = "RadiusR.API.Test_Unit", "RadiusR.API.Test_Unit\RadiusR.API.Test_Unit.csproj", "{D2054AF4-E1BD-4F51-8F6B-EC3ABDEAE085}"
	ProjectSection(ProjectDependencies) = postProject
		{50EE8943-7FBF-4D2A-AC59-2139B0AD4A21} = {50EE8943-7FBF-4D2A-AC59-2139B0AD4A21}
	EndProjectSection
EndProject
Global
	GlobalSection(SolutionConfigurationPlatforms) = preSolution
		Debug|Any CPU = Debug|Any CPU
		Release|Any CPU = Release|Any CPU
	EndGlobalSection
	GlobalSection(ProjectConfigurationPlatforms) = postSolution
		{50EE8943-7FBF-4D2A-AC59-2139B0AD4A21}.Debug|Any CPU.ActiveCfg = Debug|Any CPU
		{50EE8943-7FBF-4D2A-AC59-2139B0AD4A21}.Debug|Any CPU.Build.0 = Debug|Any CPU
		{50EE8943-7FBF-4D2A-AC59-2139B0AD4A21}.Release|Any CPU.ActiveCfg = Release|Any CPU
		{50EE8943-7FBF-4D2A-AC59-2139B0AD4A21}.Release|Any CPU.Build.0 = Release|Any CPU
		{592C6B07-BB8B-4D3C-B9E5-8808D1E59CC6}.Debug|Any CPU.ActiveCfg = Debug|Any CPU
		{592C6B07-BB8B-4D3C-B9E5-8808D1E59CC6}.Debug|Any CPU.Build.0 = Debug|Any CPU
		{592C6B07-BB8B-4D3C-B9E5-8808D1E59CC6}.Release|Any CPU.ActiveCfg = Release|Any CPU
		{592C6B07-BB8B-4D3C-B9E5-8808D1E59CC6}.Release|Any CPU.Build.0 = Release|Any CPU
		{D2054AF4-E1BD-4F51-8F6B-EC3ABDEAE085}.Debug|Any CPU.ActiveCfg = Debug|Any CPU
		{D2054AF4-E1BD-4F51-8F6B-EC3ABDEAE085}.Debug|Any CPU.Build.0 = Debug|Any CPU
		{D2054AF4-E1BD-4F51-8F6B-EC3ABDEAE085}.Release|Any CPU.ActiveCfg = Release|Any CPU
		{D2054AF4-E1BD-4F51-8F6B-EC3ABDEAE085}.Release|Any CPU.Build.0 = Release|Any CPU
	EndGlobalSection
	GlobalSection(SolutionProperties) = preSolution
		HideSolutionNode = FALSE
	EndGlobalSection
	GlobalSection(ExtensibilityGlobals) = postSolution
		SolutionGuid = {1546F64C-624B-4A55-B4CE-C8432BA1C826}
	EndGlobalSection
EndGlobal
